{
  "name": "GraphQL_Module",
  "version": "1.0.0",
  "lockfileVersion": 1,
  "requires": true,
  "dependencies": {
    "@ardatan/aggregate-error": {
      "version": "0.0.6",
      "resolved": "https://registry.npmjs.org/@ardatan/aggregate-error/-/aggregate-error-0.0.6.tgz",
      "integrity": "sha512-vyrkEHG1jrukmzTPtyWB4NLPauUw5bQeg4uhn8f+1SSynmrOcyvlb1GKQjjgoBzElLdfXCRYX8UnBlhklOHYRQ==",
      "requires": {
        "tslib": "~2.0.1"
      }
    },
    "@graphql-tools/batch-execute": {
      "version": "7.0.0",
      "resolved": "https://registry.npmjs.org/@graphql-tools/batch-execute/-/batch-execute-7.0.0.tgz",
      "integrity": "sha512-+ywPfK6N2Ddna6oOa5Qb1Mv7EA8LOwRNOAPP9dL37FEhksJM9pYqPSceUcqMqg7S9b0+Cgr78s408rgvurV3/Q==",
      "requires": {
        "@graphql-tools/utils": "^7.0.0",
        "dataloader": "2.0.0",
        "is-promise": "4.0.0",
        "tslib": "~2.0.1"
      }
    },
    "@graphql-tools/delegate": {
      "version": "7.0.8",
      "resolved": "https://registry.npmjs.org/@graphql-tools/delegate/-/delegate-7.0.8.tgz",
      "integrity": "sha512-pS1wci7ZxzdCITRrMI66UA+6/E0Z1Yczd3QxJBDb4Kp0nTGy1xy7enGa0+i55EmCvKvuwyx+tzXzwA1fNGRJzg==",
      "requires": {
        "@ardatan/aggregate-error": "0.0.6",
        "@graphql-tools/batch-execute": "^7.0.0",
        "@graphql-tools/schema": "^7.0.0",
        "@graphql-tools/utils": "^7.1.6",
        "dataloader": "2.0.0",
        "is-promise": "4.0.0",
        "tslib": "~2.0.1"
      }
    },
    "@graphql-tools/schema": {
      "version": "7.1.2",
      "resolved": "https://registry.npmjs.org/@graphql-tools/schema/-/schema-7.1.2.tgz",
      "integrity": "sha512-GabNT51ErVHE2riDH4EQdRusUsI+nMElT8LdFHyuP53v8gwtleAj+LePQ9jif4NYUe/JQVqO8V28vPcHrA7gfQ==",
      "requires": {
        "@graphql-tools/utils": "^7.1.2",
        "tslib": "~2.0.1"
      }
    },
    "@graphql-tools/utils": {
      "version": "7.2.3",
      "resolved": "https://registry.npmjs.org/@graphql-tools/utils/-/utils-7.2.3.tgz",
      "integrity": "sha512-9MvSKeo+8DM72706FvrUP8figQjRzSwBswWrXviyWyt3wSkk6MU2cURQKfMpc0I6nswZvkDSqYoQQ/6mazoXxA==",
      "requires": {
        "@ardatan/aggregate-error": "0.0.6",
        "camel-case": "4.1.2",
        "tslib": "~2.0.1"
      }
    },
    "@graphql-tools/wrap": {
      "version": "7.0.5",
      "resolved": "https://registry.npmjs.org/@graphql-tools/wrap/-/wrap-7.0.5.tgz",
      "integrity": "sha512-KCWBXsDfvG46GNUawRltJL4j9BMGoOG7oo3WEyCQP+SByWXiTe5cBF45SLDVQgdjljGNZhZ4Lq/7avIkF7/zDQ==",
      "requires": {
        "@graphql-tools/delegate": "^7.0.7",
        "@graphql-tools/schema": "^7.1.2",
        "@graphql-tools/utils": "^7.2.1",
        "is-promise": "4.0.0",
        "tslib": "~2.0.1"
      }
    },
    "@types/node": {
      "version": "14.14.19",
      "resolved": "https://registry.npmjs.org/@types/node/-/node-14.14.19.tgz",
      "integrity": "sha512-4nhBPStMK04rruRVtVc6cDqhu7S9GZai0fpXgPXrFpcPX6Xul8xnrjSdGB4KPBVYG/R5+fXWdCM8qBoiULWGPQ==",
      "dev": true
    },
    "camel-case": {
      "version": "4.1.2",
      "resolved": "https://registry.npmjs.org/camel-case/-/camel-case-4.1.2.tgz",
      "integrity": "sha512-gxGWBrTT1JuMx6R+o5PTXMmUnhnVzLQ9SNutD4YqKtI6ap897t3tKECYla6gCWEkplXnlNybEkZg9GEGxKFCgw==",
      "requires": {
        "pascal-case": "^3.1.2",
        "tslib": "^2.0.3"
      }
    },
    "dataloader": {
      "version": "2.0.0",
      "resolved": "https://registry.npmjs.org/dataloader/-/dataloader-2.0.0.tgz",
      "integrity": "sha512-YzhyDAwA4TaQIhM5go+vCLmU0UikghC/t9DTQYZR2M/UvZ1MdOhPezSDZcjj9uqQJOMqjLcpWtyW2iNINdlatQ=="
    },
    "graphql": {
      "version": "15.4.0",
      "resolved": "https://registry.npmjs.org/graphql/-/graphql-15.4.0.tgz",
      "integrity": "sha512-EB3zgGchcabbsU9cFe1j+yxdzKQKAbGUWRb13DsrsMN1yyfmmIq+2+L5MqVWcDCE4V89R5AyUOi7sMOGxdsYtA=="
    },
    "graphql-modules": {
      "version": "1.1.0",
      "resolved": "https://registry.npmjs.org/graphql-modules/-/graphql-modules-1.1.0.tgz",
      "integrity": "sha512-+RYD41mn5HBl65I79VXbxR6nf3hzerlL+HGhqKKSyFQkPNl7cP0mLRU9zb0rDpak8uvCI4NGoFfmWbDKpSkrtQ==",
      "requires": {
        "@graphql-tools/schema": "^7.0.0",
        "@graphql-tools/wrap": "^7.0.0",
        "ramda": "^0.27.1"
      }
    },
    "is-promise": {
      "version": "4.0.0",
      "resolved": "https://registry.npmjs.org/is-promise/-/is-promise-4.0.0.tgz",
      "integrity": "sha512-hvpoI6korhJMnej285dSg6nu1+e6uxs7zG3BYAm5byqDsgJNWwxzM6z6iZiAgQR4TJ30JmBTOwqZUw3WlyH3AQ=="
    },
    "lower-case": {
      "version": "2.0.2",
      "resolved": "https://registry.npmjs.org/lower-case/-/lower-case-2.0.2.tgz",
      "integrity": "sha512-7fm3l3NAF9WfN6W3JOmf5drwpVqX78JtoGJ3A6W0a6ZnldM41w2fV5D490psKFTpMds8TJse/eHLFFsNHHjHgg==",
      "requires": {
        "tslib": "^2.0.3"
      }
    },
    "no-case": {
      "version": "3.0.4",
      "resolved": "https://registry.npmjs.org/no-case/-/no-case-3.0.4.tgz",
      "integrity": "sha512-fgAN3jGAh+RoxUGZHTSOLJIqUc2wmoBwGR4tbpNAKmmovFoWq0OdRkb0VkldReO2a2iBT/OEulG9XSUc10r3zg==",
      "requires": {
        "lower-case": "^2.0.2",
        "tslib": "^2.0.3"
      }
    },
    "pascal-case": {
      "version": "3.1.2",
      "resolved": "https://registry.npmjs.org/pascal-case/-/pascal-case-3.1.2.tgz",
      "integrity": "sha512-uWlGT3YSnK9x3BQJaOdcZwrnV6hPpd8jFH1/ucpiLRPh/2zCVJKS19E4GvYHvaCcACn3foXZ0cLB9Wrx1KGe5g==",
      "requires": {
        "no-case": "^3.0.4",
        "tslib": "^2.0.3"
      }
    },
    "ramda": {
      "version": "0.27.1",
      "resolved": "https://registry.npmjs.org/ramda/-/ramda-0.27.1.tgz",
      "integrity": "sha512-PgIdVpn5y5Yns8vqb8FzBUEYn98V3xcPgawAkkgj0YJ0qDsnHCiNmZYfOGMgOvoB0eWFLpYbhxUR3mxfDIMvpw=="
    },
    "tslib": {
      "version": "2.0.3",
      "resolved": "https://registry.npmjs.org/tslib/-/tslib-2.0.3.tgz",
      "integrity": "sha512-uZtkfKblCEQtZKBF6EBXVZeQNl82yqtDQdv+eck8u7tdPxjLu2/lp5/uPW+um2tpuxINHWy3GhiccY7QgEaVHQ=="
    },
    "typescript": {
      "version": "4.1.3",
      "resolved": "https://registry.npmjs.org/typescript/-/typescript-4.1.3.tgz",
      "integrity": "sha512-B3ZIOf1IKeH2ixgHhj6la6xdwR9QrLC5d1VKeCSY4tvkqhF2eqd9O7txNlS0PO3GrBAFIdr3L1ndNwteUbZLYg==",
      "dev": true
    }
  }
}
